
Microsoft Visual Studio Solution File, Format Version 12.00
# Visual Studio Version 16
VisualStudioVersion = 16.0.30611.23
MinimumVisualStudioVersion = 10.0.40219.1
Project("{FAE04EC0-301F-11D3-BF4B-00C04F79EFBC}") = "Uppgift2Simulator", "Uppgift2Simulator.csproj", "{F609A352-FC34-42AB-B9D0-07C51A466097}"
EndProject
Global
	GlobalSection(SolutionConfigurationPlatforms) = preSolution
		Debug|Any CPU = Debug|Any CPU
		Release|Any CPU = Release|Any CPU
	EndGlobalSection
	GlobalSection(ProjectConfigurationPlatforms) = postSolution
		{F609A352-FC34-42AB-B9D0-07C51A466097}.Debug|Any CPU.ActiveCfg = Debug|Any CPU
		{F609A352-FC34-42AB-B9D0-07C51A466097}.Debug|Any CPU.Build.0 = Debug|Any CPU
		{F609A352-FC34-42AB-B9D0-07C51A466097}.Release|Any CPU.ActiveCfg = Release|Any CPU
		{F609A352-FC34-42AB-B9D0-07C51A466097}.Release|Any CPU.Build.0 = Release|Any CPU
	EndGlobalSection
	GlobalSection(SolutionProperties) = preSolution
		HideSolutionNode = FALSE
	EndGlobalSection
	GlobalSection(ExtensibilityGlobals) = postSolution
		SolutionGuid = {DA803526-ED7D-445E-A3F2-D01CBE07254C}
	EndGlobalSection
EndGlobal
